
Microsoft Visual Studio Solution File, Format Version 12.00
# Visual Studio Version 18
VisualStudioVersion = 18.6.11822.322
MinimumVisualStudioVersion = 10.0.40219.1
Project("{2150E333-8FDC-42A3-9474-1A3956D46DE8}") = "services", "services", "{5854FF58-B8C5-05C6-5BF2-ACE42193F22B}"
EndProject
Project("{FAE04EC0-301F-11D3-BF4B-00C04F79EFBC}") = "PayFlow.PaymentService", "services\PayFlow.PaymentService\PayFlow.PaymentService.csproj", "{D701A22C-558E-454C-9F3A-EA9C643227E9}"
EndProject
Project("{FAE04EC0-301F-11D3-BF4B-00C04F79EFBC}") = "PayFlow.FraudService", "services\PayFlow.FraudService\PayFlow.FraudService.csproj", "{9606A5D0-9041-4AC2-A7B6-FAFB2AFE90DD}"
EndProject
Project("{FAE04EC0-301F-11D3-BF4B-00C04F79EFBC}") = "PayFlow.NotificationService", "services\PayFlow.NotificationService\PayFlow.NotificationService.csproj", "{B8F46981-170F-492B-985C-2D6A2F247F44}"
EndProject
Project("{2150E333-8FDC-42A3-9474-1A3956D46DE8}") = "gateway", "gateway", "{E7BDDBC6-9FD1-D1D7-ACD8-2C4F8E3D2461}"
EndProject
Project("{FAE04EC0-301F-11D3-BF4B-00C04F79EFBC}") = "PayFlow.ApiGateway", "gateway\PayFlow.ApiGateway\PayFlow.ApiGateway.csproj", "{3843F562-52FB-4910-9AB6-91AAE510F0E6}"
EndProject
Project("{FAE04EC0-301F-11D3-BF4B-00C04F79EFBC}") = "PayFlow.AuthService", "services\PayFlow.AuthService\PayFlow.AuthService.csproj", "{6ACACB6E-4A92-A020-00C8-AB6A16784263}"
EndProject
Project("{FAE04EC0-301F-11D3-BF4B-00C04F79EFBC}") = "PayFlow.SharedKernel", "shared\PayFlow.SharedKernel\PayFlow.SharedKernel.csproj", "{1A4A53BC-6F73-4FC5-96AA-41C1C3CE43BB}"
EndProject
Project("{FAE04EC0-301F-11D3-BF4B-00C04F79EFBC}") = "PayFlow.WalletService", "services\PayFlow.WalletService\PayFlow.WalletService.csproj", "{358E86A7-80A0-4F30-B36C-5343B5135190}"
EndProject
Project("{FAE04EC0-301F-11D3-BF4B-00C04F79EFBC}") = "PayFlow.MessageBus", "shared\PayFlow.MessageBus\PayFlow.MessageBus.csproj", "{C01EA32F-B1BC-47F0-8241-68DBE3DD359C}"
EndProject
Global
	GlobalSection(SolutionConfigurationPlatforms) = preSolution
		Debug|Any CPU = Debug|Any CPU
		Debug|x64 = Debug|x64
		Debug|x86 = Debug|x86
		Release|Any CPU = Release|Any CPU
		Release|x64 = Release|x64
		Release|x86 = Release|x86
	EndGlobalSection
	GlobalSection(ProjectConfigurationPlatforms) = postSolution
		{D701A22C-558E-454C-9F3A-EA9C643227E9}.Debug|Any CPU.ActiveCfg = Debug|Any CPU
		{D701A22C-558E-454C-9F3A-EA9C643227E9}.Debug|Any CPU.Build.0 = Debug|Any CPU
		{D701A22C-558E-454C-9F3A-EA9C643227E9}.Debug|x64.ActiveCfg = Debug|Any CPU
		{D701A22C-558E-454C-9F3A-EA9C643227E9}.Debug|x64.Build.0 = Debug|Any CPU
		{D701A22C-558E-454C-9F3A-EA9C643227E9}.Debug|x86.ActiveCfg = Debug|Any CPU
		{D701A22C-558E-454C-9F3A-EA9C643227E9}.Debug|x86.Build.0 = Debug|Any CPU
		{D701A22C-558E-454C-9F3A-EA9C643227E9}.Release|Any CPU.ActiveCfg = Release|Any CPU
		{D701A22C-558E-454C-9F3A-EA9C643227E9}.Release|Any CPU.Build.0 = Release|Any CPU
		{D701A22C-558E-454C-9F3A-EA9C643227E9}.Release|x64.ActiveCfg = Release|Any CPU
		{D701A22C-558E-454C-9F3A-EA9C643227E9}.Release|x64.Build.0 = Release|Any CPU
		{D701A22C-558E-454C-9F3A-EA9C643227E9}.Release|x86.ActiveCfg = Release|Any CPU
		{D701A22C-558E-454C-9F3A-EA9C643227E9}.Release|x86.Build.0 = Release|Any CPU
		{9606A5D0-9041-4AC2-A7B6-FAFB2AFE90DD}.Debug|Any CPU.ActiveCfg = Debug|Any CPU
		{9606A5D0-9041-4AC2-A7B6-FAFB2AFE90DD}.Debug|Any CPU.Build.0 = Debug|Any CPU
		{9606A5D0-9041-4AC2-A7B6-FAFB2AFE90DD}.Debug|x64.ActiveCfg = Debug|Any CPU
		{9606A5D0-9041-4AC2-A7B6-FAFB2AFE90DD}.Debug|x64.Build.0 = Debug|Any CPU
		{9606A5D0-9041-4AC2-A7B6-FAFB2AFE90DD}.Debug|x86.ActiveCfg = Debug|Any CPU
		{9606A5D0-9041-4AC2-A7B6-FAFB2AFE90DD}.Debug|x86.Build.0 = Debug|Any CPU
		{9606A5D0-9041-4AC2-A7B6-FAFB2AFE90DD}.Release|Any CPU.ActiveCfg = Release|Any CPU
		{9606A5D0-9041-4AC2-A7B6-FAFB2AFE90DD}.Release|Any CPU.Build.0 = Release|Any CPU
		{9606A5D0-9041-4AC2-A7B6-FAFB2AFE90DD}.Release|x64.ActiveCfg = Release|Any CPU
		{9606A5D0-9041-4AC2-A7B6-FAFB2AFE90DD}.Release|x64.Build.0 = Release|Any CPU
		{9606A5D0-9041-4AC2-A7B6-FAFB2AFE90DD}.Release|x86.ActiveCfg = Release|Any CPU
		{9606A5D0-9041-4AC2-A7B6-FAFB2AFE90DD}.Release|x86.Build.0 = Release|Any CPU
		{B8F46981-170F-492B-985C-2D6A2F247F44}.Debug|Any CPU.ActiveCfg = Debug|Any CPU
		{B8F46981-170F-492B-985C-2D6A2F247F44}.Debug|Any CPU.Build.0 = Debug|Any CPU
		{B8F46981-170F-492B-985C-2D6A2F247F44}.Debug|x64.ActiveCfg = Debug|Any CPU
		{B8F46981-170F-492B-985C-2D6A2F247F44}.Debug|x64.Build.0 = Debug|Any CPU
		{B8F46981-170F-492B-985C-2D6A2F247F44}.Debug|x86.ActiveCfg = Debug|Any CPU
		{B8F46981-170F-492B-985C-2D6A2F247F44}.Debug|x86.Build.0 = Debug|Any CPU
		{B8F46981-170F-492B-985C-2D6A2F247F44}.Release|Any CPU.ActiveCfg = Release|Any CPU
		{B8F46981-170F-492B-985C-2D6A2F247F44}.Release|Any CPU.Build.0 = Release|Any CPU
		{B8F46981-170F-492B-985C-2D6A2F247F44}.Release|x64.ActiveCfg = Release|Any CPU
		{B8F46981-170F-492B-985C-2D6A2F247F44}.Release|x64.Build.0 = Release|Any CPU
		{B8F46981-170F-492B-985C-2D6A2F247F44}.Release|x86.ActiveCfg = Release|Any CPU
		{B8F46981-170F-492B-985C-2D6A2F247F44}.Release|x86.Build.0 = Release|Any CPU
		{3843F562-52FB-4910-9AB6-91AAE510F0E6}.Debug|Any CPU.ActiveCfg = Debug|Any CPU
		{3843F562-52FB-4910-9AB6-91AAE510F0E6}.Debug|Any CPU.Build.0 = Debug|Any CPU
		{3843F562-52FB-4910-9AB6-91AAE510F0E6}.Debug|x64.ActiveCfg = Debug|Any CPU
		{3843F562-52FB-4910-9AB6-91AAE510F0E6}.Debug|x64.Build.0 = Debug|Any CPU
		{3843F562-52FB-4910-9AB6-91AAE510F0E6}.Debug|x86.ActiveCfg = Debug|Any CPU
		{3843F562-52FB-4910-9AB6-91AAE510F0E6}.Debug|x86.Build.0 = Debug|Any CPU
		{3843F562-52FB-4910-9AB6-91AAE510F0E6}.Release|Any CPU.ActiveCfg = Release|Any CPU
		{3843F562-52FB-4910-9AB6-91AAE510F0E6}.Release|Any CPU.Build.0 = Release|Any CPU
		{3843F562-52FB-4910-9AB6-91AAE510F0E6}.Release|x64.ActiveCfg = Release|Any CPU
		{3843F562-52FB-4910-9AB6-91AAE510F0E6}.Release|x64.Build.0 = Release|Any CPU
		{3843F562-52FB-4910-9AB6-91AAE510F0E6}.Release|x86.ActiveCfg = Release|Any CPU
		{3843F562-52FB-4910-9AB6-91AAE510F0E6}.Release|x86.Build.0 = Release|Any CPU
		{6ACACB6E-4A92-A020-00C8-AB6A16784263}.Debug|Any CPU.ActiveCfg = Debug|Any CPU
		{6ACACB6E-4A92-A020-00C8-AB6A16784263}.Debug|Any CPU.Build.0 = Debug|Any CPU
		{6ACACB6E-4A92-A020-00C8-AB6A16784263}.Debug|x64.ActiveCfg = Debug|Any CPU
		{6ACACB6E-4A92-A020-00C8-AB6A16784263}.Debug|x64.Build.0 = Debug|Any CPU
		{6ACACB6E-4A92-A020-00C8-AB6A16784263}.Debug|x86.ActiveCfg = Debug|Any CPU
		{6ACACB6E-4A92-A020-00C8-AB6A16784263}.Debug|x86.Build.0 = Debug|Any CPU
		{6ACACB6E-4A92-A020-00C8-AB6A16784263}.Release|Any CPU.ActiveCfg = Release|Any CPU
		{6ACACB6E-4A92-A020-00C8-AB6A16784263}.Release|Any CPU.Build.0 = Release|Any CPU
		{6ACACB6E-4A92-A020-00C8-AB6A16784263}.Release|x64.ActiveCfg = Release|Any CPU
		{6ACACB6E-4A92-A020-00C8-AB6A16784263}.Release|x64.Build.0 = Release|Any CPU
		{6ACACB6E-4A92-A020-00C8-AB6A16784263}.Release|x86.ActiveCfg = Release|Any CPU
		{6ACACB6E-4A92-A020-00C8-AB6A16784263}.Release|x86.Build.0 = Release|Any CPU
		{1A4A53BC-6F73-4FC5-96AA-41C1C3CE43BB}.Debug|Any CPU.ActiveCfg = Debug|Any CPU
		{1A4A53BC-6F73-4FC5-96AA-41C1C3CE43BB}.Debug|Any CPU.Build.0 = Debug|Any CPU
		{1A4A53BC-6F73-4FC5-96AA-41C1C3CE43BB}.Debug|x64.ActiveCfg = Debug|Any CPU
		{1A4A53BC-6F73-4FC5-96AA-41C1C3CE43BB}.Debug|x64.Build.0 = Debug|Any CPU
		{1A4A53BC-6F73-4FC5-96AA-41C1C3CE43BB}.Debug|x86.ActiveCfg = Debug|Any CPU
		{1A4A53BC-6F73-4FC5-96AA-41C1C3CE43BB}.Debug|x86.Build.0 = Debug|Any CPU
		{1A4A53BC-6F73-4FC5-96AA-41C1C3CE43BB}.Release|Any CPU.ActiveCfg = Release|Any CPU
		{1A4A53BC-6F73-4FC5-96AA-41C1C3CE43BB}.Release|Any CPU.Build.0 = Release|Any CPU
		{1A4A53BC-6F73-4FC5-96AA-41C1C3CE43BB}.Release|x64.ActiveCfg = Release|Any CPU
		{1A4A53BC-6F73-4FC5-96AA-41C1C3CE43BB}.Release|x64.Build.0 = Release|Any CPU
		{1A4A53BC-6F73-4FC5-96AA-41C1C3CE43BB}.Release|x86.ActiveCfg = Release|Any CPU
		{1A4A53BC-6F73-4FC5-96AA-41C1C3CE43BB}.Release|x86.Build.0 = Release|Any CPU
		{358E86A7-80A0-4F30-B36C-5343B5135190}.Debug|Any CPU.ActiveCfg = Debug|Any CPU
		{358E86A7-80A0-4F30-B36C-5343B5135190}.Debug|Any CPU.Build.0 = Debug|Any CPU
		{358E86A7-80A0-4F30-B36C-5343B5135190}.Debug|x64.ActiveCfg = Debug|Any CPU
		{358E86A7-80A0-4F30-B36C-5343B5135190}.Debug|x64.Build.0 = Debug|Any CPU
		{358E86A7-80A0-4F30-B36C-5343B5135190}.Debug|x86.ActiveCfg = Debug|Any CPU
		{358E86A7-80A0-4F30-B36C-5343B5135190}.Debug|x86.Build.0 = Debug|Any CPU
		{358E86A7-80A0-4F30-B36C-5343B5135190}.Release|Any CPU.ActiveCfg = Release|Any CPU
		{358E86A7-80A0-4F30-B36C-5343B5135190}.Release|Any CPU.Build.0 = Release|Any CPU
		{358E86A7-80A0-4F30-B36C-5343B5135190}.Release|x64.ActiveCfg = Release|Any CPU
		{358E86A7-80A0-4F30-B36C-5343B5135190}.Release|x64.Build.0 = Release|Any CPU
		{358E86A7-80A0-4F30-B36C-5343B5135190}.Release|x86.ActiveCfg = Release|Any CPU
		{358E86A7-80A0-4F30-B36C-5343B5135190}.Release|x86.Build.0 = Release|Any CPU
		{C01EA32F-B1BC-47F0-8241-68DBE3DD359C}.Debug|Any CPU.ActiveCfg = Debug|Any CPU
		{C01EA32F-B1BC-47F0-8241-68DBE3DD359C}.Debug|Any CPU.Build.0 = Debug|Any CPU
		{C01EA32F-B1BC-47F0-8241-68DBE3DD359C}.Debug|x64.ActiveCfg = Debug|Any CPU
		{C01EA32F-B1BC-47F0-8241-68DBE3DD359C}.Debug|x64.Build.0 = Debug|Any CPU
		{C01EA32F-B1BC-47F0-8241-68DBE3DD359C}.Debug|x86.ActiveCfg = Debug|Any CPU
		{C01EA32F-B1BC-47F0-8241-68DBE3DD359C}.Debug|x86.Build.0 = Debug|Any CPU
		{C01EA32F-B1BC-47F0-8241-68DBE3DD359C}.Release|Any CPU.ActiveCfg = Release|Any CPU
		{C01EA32F-B1BC-47F0-8241-68DBE3DD359C}.Release|Any CPU.Build.0 = Release|Any CPU
		{C01EA32F-B1BC-47F0-8241-68DBE3DD359C}.Release|x64.ActiveCfg = Release|Any CPU
		{C01EA32F-B1BC-47F0-8241-68DBE3DD359C}.Release|x64.Build.0 = Release|Any CPU
		{C01EA32F-B1BC-47F0-8241-68DBE3DD359C}.Release|x86.ActiveCfg = Release|Any CPU
		{C01EA32F-B1BC-47F0-8241-68DBE3DD359C}.Release|x86.Build.0 = Release|Any CPU
	EndGlobalSection
	GlobalSection(SolutionProperties) = preSolution
		HideSolutionNode = FALSE
	EndGlobalSection
	GlobalSection(NestedProjects) = preSolution
		{D701A22C-558E-454C-9F3A-EA9C643227E9} = {5854FF58-B8C5-05C6-5BF2-ACE42193F22B}
		{9606A5D0-9041-4AC2-A7B6-FAFB2AFE90DD} = {5854FF58-B8C5-05C6-5BF2-ACE42193F22B}
		{B8F46981-170F-492B-985C-2D6A2F247F44} = {5854FF58-B8C5-05C6-5BF2-ACE42193F22B}
		{3843F562-52FB-4910-9AB6-91AAE510F0E6} = {E7BDDBC6-9FD1-D1D7-ACD8-2C4F8E3D2461}
		{6ACACB6E-4A92-A020-00C8-AB6A16784263} = {5854FF58-B8C5-05C6-5BF2-ACE42193F22B}
		{358E86A7-80A0-4F30-B36C-5343B5135190} = {5854FF58-B8C5-05C6-5BF2-ACE42193F22B}
	EndGlobalSection
	GlobalSection(ExtensibilityGlobals) = postSolution
		SolutionGuid = {A9007BFC-CF2C-4E20-B456-B740E110751A}
	EndGlobalSection
EndGlobal
